// !$*UTF8*$!
{
	archiveVersion = 1;
	classes = {
	};
	objectVersion = 50;
	objects = {

/* Begin PBXBuildFile section */
		A7761ADA23C5A5A3006942D9 /* AppDelegate.swift in Sources */ = {isa = PBXBuildFile; fileRef = A7761AD923C5A5A3006942D9 /* AppDelegate.swift */; };
		A7761ADC23C5A5A3006942D9 /* SceneDelegate.swift in Sources */ = {isa = PBXBuildFile; fileRef = A7761ADB23C5A5A3006942D9 /* SceneDelegate.swift */; };
		A7761ADE23C5A5A3006942D9 /* ViewController.swift in Sources */ = {isa = PBXBuildFile; fileRef = A7761ADD23C5A5A3006942D9 /* ViewController.swift */; };
		A7761AE123C5A5A3006942D9 /* Main.storyboard in Resources */ = {isa = PBXBuildFile; fileRef = A7761ADF23C5A5A3006942D9 /* Main.storyboard */; };
		A7761AE323C5A5A4006942D9 /* Assets.xcassets in Resources */ = {isa = PBXBuildFile; fileRef = A7761AE223C5A5A4006942D9 /* Assets.xcassets */; };
		A7761AE623C5A5A4006942D9 /* LaunchScreen.storyboard in Resources */ = {isa = PBXBuildFile; fileRef = A7761AE423C5A5A4006942D9 /* LaunchScreen.storyboard */; };
		A7761AF123C5A5A4006942D9 /* TestPJTests.swift in Sources */ = {isa = PBXBuildFile; fileRef = A7761AF023C5A5A4006942D9 /* TestPJTests.swift */; };
		A7761AFC23C5A5A4006942D9 /* TestPJUITests.swift in Sources */ = {isa = PBXBuildFile; fileRef = A7761AFB23C5A5A4006942D9 /* TestPJUITests.swift */; };
/* End PBXBuildFile section */

/* Begin PBXContainerItemProxy section */
		A7761AED23C5A5A4006942D9 /* PBXContainerItemProxy */ = {
			isa = PBXContainerItemProxy;
			containerPortal = A7761ACE23C5A5A3006942D9 /* Project object */;
			proxyType = 1;
			remoteGlobalIDString = A7761AD523C5A5A3006942D9;
			remoteInfo = TestPJ;
		};
		A7761AF823C5A5A4006942D9 /* PBXContainerItemProxy */ = {
			isa = PBXContainerItemProxy;
			containerPortal = A7761ACE23C5A5A3006942D9 /* Project object */;
			proxyType = 1;
			remoteGlobalIDString = A7761AD523C5A5A3006942D9;
			remoteInfo = TestPJ;
		};
/* End PBXContainerItemProxy section */

/* Begin PBXFileReference section */
		A7761AD623C5A5A3006942D9 /* TestPJ.app */ = {isa = PBXFileReference; explicitFileType = wrapper.application; includeInIndex = 0; path = TestPJ.app; sourceTree = BUILT_PRODUCTS_DIR; };
		A7761AD923C5A5A3006942D9 /* AppDelegate.swift */ = {isa = PBXFileReference; lastKnownFileType = sourcecode.swift; path = AppDelegate.swift; sourceTree = "<group>"; };
		A7761ADB23C5A5A3006942D9 /* SceneDelegate.swift */ = {isa = PBXFileReference; lastKnownFileType = sourcecode.swift; path = SceneDelegate.swift; sourceTree = "<group>"; };
		A7761ADD23C5A5A3006942D9 /* ViewController.swift */ = {isa = PBXFileReference; lastKnownFileType = sourcecode.swift; path = ViewController.swift; sourceTree = "<group>"; };
		A7761AE023C5A5A3006942D9 /* Base */ = {isa = PBXFileReference; lastKnownFileType = file.storyboard; name = Base; path = Base.lproj/Main.storyboard; sourceTree = "<group>"; };
		A7761AE223C5A5A4006942D9 /* Assets.xcassets */ = {isa = PBXFileReference; lastKnownFileType = folder.assetcatalog; path = Assets.xcassets; sourceTree = "<group>"; };
		A7761AE523C5A5A4006942D9 /* Base */ = {isa = PBXFileReference; lastKnownFileType = file.storyboard; name = Base; path = Base.lproj/LaunchScreen.storyboard; sourceTree = "<group>"; };
		A7761AE723C5A5A4006942D9 /* Info.plist */ = {isa = PBXFileReference; lastKnownFileType = text.plist.xml; path = Info.plist; sourceTree = "<group>"; };
		A7761AEC23C5A5A4006942D9 /* TestPJTests.xctest */ = {isa = PBXFileReference; explicitFileType = wrapper.cfbundle; includeInIndex = 0; path = TestPJTests.xctest; sourceTree = BUILT_PRODUCTS_DIR; };
		A7761AF023C5A5A4006942D9 /* TestPJTests.swift */ = {isa = PBXFileReference; lastKnownFileType = sourcecode.swift; path = TestPJTests.swift; sourceTree = "<group>"; };
		A7761AF223C5A5A4006942D9 /* Info.plist */ = {isa = PBXFileReference; lastKnownFileType = text.plist.xml; path = Info.plist; sourceTree = "<group>"; };
		A7761AF723C5A5A4006942D9 /* TestPJUITests.xctest */ = {isa = PBXFileReference; explicitFileType = wrapper.cfbundle; includeInIndex = 0; path = TestPJUITests.xctest; sourceTree = BUILT_PRODUCTS_DIR; };
		A7761AFB23C5A5A4006942D9 /* TestPJUITests.swift */ = {isa = PBXFileReference; lastKnownFileType = sourcecode.swift; path = TestPJUITests.swift; sourceTree = "<group>"; };
		A7761AFD23C5A5A4006942D9 /* Info.plist */ = {isa = PBXFileReference; lastKnownFileType = text.plist.xml; path = Info.plist; sourceTree = "<group>"; };
/* End PBXFileReference section */

/* Begin PBXFrameworksBuildPhase section */
		A7761AD323C5A5A3006942D9 /* Frameworks */ = {
			isa = PBXFrameworksBuildPhase;
			buildActionMask = 2147483647;
			files = (
			);
			runOnlyForDeploymentPostprocessing = 0;
		};
		A7761AE923C5A5A4006942D9 /* Frameworks */ = {
			isa = PBXFrameworksBuildPhase;
			buildActionMask = 2147483647;
			files = (
			);
			runOnlyForDeploymentPostprocessing = 0;
		};
		A7761AF423C5A5A4006942D9 /* Frameworks */ = {
			isa = PBXFrameworksBuildPhase;
			buildActionMask = 2147483647;
			files = (
			);
			runOnlyForDeploymentPostprocessing = 0;
		};
/* End PBXFrameworksBuildPhase section */

/* Begin PBXGroup section */
		A7761ACD23C5A5A3006942D9 = {
			isa = PBXGroup;
			children = (
				A7761AD823C5A5A3006942D9 /* TestPJ */,
				A7761AEF23C5A5A4006942D9 /* TestPJTests */,
				A7761AFA23C5A5A4006942D9 /* TestPJUITests */,
				A7761AD723C5A5A3006942D9 /* Products */,
			);
			sourceTree = "<group>";
		};
		A7761AD723C5A5A3006942D9 /* Products */ = {
			isa = PBXGroup;
			children = (
				A7761AD623C5A5A3006942D9 /* TestPJ.app */,
				A7761AEC23C5A5A4006942D9 /* TestPJTests.xctest */,
				A7761AF723C5A5A4006942D9 /* TestPJUITests.xctest */,
			);
			name = Products;
			sourceTree = "<group>";
		};
		A7761AD823C5A5A3006942D9 /* TestPJ */ = {
			isa = PBXGroup;
			children = (
				A7761AD923C5A5A3006942D9 /* AppDelegate.swift */,
				A7761ADB23C5A5A3006942D9 /* SceneDelegate.swift */,
				A7761ADD23C5A5A3006942D9 /* ViewController.swift */,
				A7761ADF23C5A5A3006942D9 /* Main.storyboard */,
				A7761AE223C5A5A4006942D9 /* Assets.xcassets */,
				A7761AE423C5A5A4006942D9 /* LaunchScreen.storyboard */,
				A7761AE723C5A5A4006942D9 /* Info.plist */,
			);
			path = TestPJ;
			sourceTree = "<group>";
		};
		A7761AEF23C5A5A4006942D9 /* TestPJTests */ = {
			isa = PBXGroup;
			children = (
				A7761AF023C5A5A4006942D9 /* TestPJTests.swift */,
				A7761AF223C5A5A4006942D9 /* Info.plist */,
			);
			path = TestPJTests;
			sourceTree = "<group>";
		};
		A7761AFA23C5A5A4006942D9 /* TestPJUITests */ = {
			isa = PBXGroup;
			children = (
				A7761AFB23C5A5A4006942D9 /* TestPJUITests.swift */,
				A7761AFD23C5A5A4006942D9 /* Info.plist */,
			);
			path = TestPJUITests;
			sourceTree = "<group>";
		};
/* End PBXGroup section */

/* Begin PBXNativeTarget section */
		A7761AD523C5A5A3006942D9 /* TestPJ */ = {
			isa = PBXNativeTarget;
			buildConfigurationList = A7761B0023C5A5A4006942D9 /* Build configuration list for PBXNativeTarget "TestPJ" */;
			buildPhases = (
				A7761AD223C5A5A3006942D9 /* Sources */,
				A7761AD323C5A5A3006942D9 /* Frameworks */,
				A7761AD423C5A5A3006942D9 /* Resources */,
			);
			buildRules = (
			);
			dependencies = (
			);
			name = TestPJ;
			productName = TestPJ;
			productReference = A7761AD623C5A5A3006942D9 /* TestPJ.app */;
			productType = "com.apple.product-type.application";
		};
		A7761AEB23C5A5A4006942D9 /* TestPJTests */ = {
			isa = PBXNativeTarget;
			buildConfigurationList = A7761B0323C5A5A4006942D9 /* Build configuration list for PBXNativeTarget "TestPJTests" */;
			buildPhases = (
				A7761AE823C5A5A4006942D9 /* Sources */,
				A7761AE923C5A5A4006942D9 /* Frameworks */,
				A7761AEA23C5A5A4006942D9 /* Resources */,
			);
			buildRules = (
			);
			dependencies = (
				A7761AEE23C5A5A4006942D9 /* PBXTargetDependency */,
			);
			name = TestPJTests;
			productName = TestPJTests;
			productReference = A7761AEC23C5A5A4006942D9 /* TestPJTests.xctest */;
			productType = "com.apple.product-type.bundle.unit-test";
		};
		A7761AF623C5A5A4006942D9 /* TestPJUITests */ = {
			isa = PBXNativeTarget;
			buildConfigurationList = A7761B0623C5A5A4006942D9 /* Build configuration list for PBXNativeTarget "TestPJUITests" */;
			buildPhases = (
				A7761AF323C5A5A4006942D9 /* Sources */,
				A7761AF423C5A5A4006942D9 /* Frameworks */,
				A7761AF523C5A5A4006942D9 /* Resources */,
			);
			buildRules = (
			);
			dependencies = (
				A7761AF923C5A5A4006942D9 /* PBXTargetDependency */,
			);
			name = TestPJUITests;
			productName = TestPJUITests;
			productReference = A7761AF723C5A5A4006942D9 /* TestPJUITests.xctest */;
			productType = "com.apple.product-type.bundle.ui-testing";
		};
/* End PBXNativeTarget section */

/* Begin PBXProject section */
		A7761ACE23C5A5A3006942D9 /* Project object */ = {
			isa = PBXProject;
			attributes = {
				LastSwiftUpdateCheck = 1110;
				LastUpgradeCheck = 1110;
				ORGANIZATIONNAME = "伊藤 翔太";
				TargetAttributes = {
					A7761AD523C5A5A3006942D9 = {
						CreatedOnToolsVersion = 11.1;
					};
					A7761AEB23C5A5A4006942D9 = {
						CreatedOnToolsVersion = 11.1;
						TestTargetID = A7761AD523C5A5A3006942D9;
					};
					A7761AF623C5A5A4006942D9 = {
						CreatedOnToolsVersion = 11.1;
						TestTargetID = A7761AD523C5A5A3006942D9;
					};
				};
			};
			buildConfigurationList = A7761AD123C5A5A3006942D9 /* Build configuration list for PBXProject "TestPJ" */;
			compatibilityVersion = "Xcode 9.3";
			developmentRegion = en;
			hasScannedForEncodings = 0;
			knownRegions = (
				en,
				Base,
			);
			mainGroup = A7761ACD23C5A5A3006942D9;
			productRefGroup = A7761AD723C5A5A3006942D9 /* Products */;
			projectDirPath = "";
			projectRoot = "";
			targets = (
				A7761AD523C5A5A3006942D9 /* TestPJ */,
				A7761AEB23C5A5A4006942D9 /* TestPJTests */,
				A7761AF623C5A5A4006942D9 /* TestPJUITests */,
			);
		};
/* End PBXProject section */

/* Begin PBXResourcesBuildPhase section */
		A7761AD423C5A5A3006942D9 /* Resources */ = {
			isa = PBXResourcesBuildPhase;
			buildActionMask = 2147483647;
			files = (
				A7761AE623C5A5A4006942D9 /* LaunchScreen.storyboard in Resources */,
				A7761AE323C5A5A4006942D9 /* Assets.xcassets in Resources */,
				A7761AE123C5A5A3006942D9 /* Main.storyboard in Resources */,
			);
			runOnlyForDeploymentPostprocessing = 0;
		};
		A7761AEA23C5A5A4006942D9 /* Resources */ = {
			isa = PBXResourcesBuildPhase;
			buildActionMask = 2147483647;
			files = (
			);
			runOnlyForDeploymentPostprocessing = 0;
		};
		A7761AF523C5A5A4006942D9 /* Resources */ = {
			isa = PBXResourcesBuildPhase;
			buildActionMask = 2147483647;
			files = (
			);
			runOnlyForDeploymentPostprocessing = 0;
		};
/* End PBXResourcesBuildPhase section */

/* Begin PBXSourcesBuildPhase section */
		A7761AD223C5A5A3006942D9 /* Sources */ = {
			isa = PBXSourcesBuildPhase;
			buildActionMask = 2147483647;
			files = (
				A7761ADE23C5A5A3006942D9 /* ViewController.swift in Sources */,
				A7761ADA23C5A5A3006942D9 /* AppDelegate.swift in Sources */,
				A7761ADC23C5A5A3006942D9 /* SceneDelegate.swift in Sources */,
			);
			runOnlyForDeploymentPostprocessing = 0;
		};
		A7761AE823C5A5A4006942D9 /* Sources */ = {
			isa = PBXSourcesBuildPhase;
			buildActionMask = 2147483647;
			files = (
				A7761AF123C5A5A4006942D9 /* TestPJTests.swift in Sources */,
			);
			runOnlyForDeploymentPostprocessing = 0;
		};
		A7761AF323C5A5A4006942D9 /* Sources */ = {
			isa = PBXSourcesBuildPhase;
			buildActionMask = 2147483647;
			files = (
				A7761AFC23C5A5A4006942D9 /* TestPJUITests.swift in Sources */,
			);
			runOnlyForDeploymentPostprocessing = 0;
		};
/* End PBXSourcesBuildPhase section */

/* Begin PBXTargetDependency section */
		A7761AEE23C5A5A4006942D9 /* PBXTargetDependency */ = {
			isa = PBXTargetDependency;
			target = A7761AD523C5A5A3006942D9 /* TestPJ */;
			targetProxy = A7761AED23C5A5A4006942D9 /* PBXContainerItemProxy */;
		};
		A7761AF923C5A5A4006942D9 /* PBXTargetDependency */ = {
			isa = PBXTargetDependency;
			target = A7761AD523C5A5A3006942D9 /* TestPJ */;
			targetProxy = A7761AF823C5A5A4006942D9 /* PBXContainerItemProxy */;
		};
/* End PBXTargetDependency section */

/* Begin PBXVariantGroup section */
		A7761ADF23C5A5A3006942D9 /* Main.storyboard */ = {
			isa = PBXVariantGroup;
			children = (
				A7761AE023C5A5A3006942D9 /* Base */,
			);
			name = Main.storyboard;
			sourceTree = "<group>";
		};
		A7761AE423C5A5A4006942D9 /* LaunchScreen.storyboard */ = {
			isa = PBXVariantGroup;
			children = (
				A7761AE523C5A5A4006942D9 /* Base */,
			);
			name = LaunchScreen.storyboard;
			sourceTree = "<group>";
		};
/* End PBXVariantGroup section */

/* Begin XCBuildConfiguration section */
		A7761AFE23C5A5A4006942D9 /* Debug */ = {
			isa = XCBuildConfiguration;
			buildSettings = {
				ALWAYS_SEARCH_USER_PATHS = NO;
				CLANG_ANALYZER_NONNULL = YES;
				CLANG_ANALYZER_NUMBER_OBJECT_CONVERSION = YES_AGGRESSIVE;
				CLANG_CXX_LANGUAGE_STANDARD = "gnu++14";
				CLANG_CXX_LIBRARY = "libc++";
				CLANG_ENABLE_MODULES = YES;
				CLANG_ENABLE_OBJC_ARC = YES;
				CLANG_ENABLE_OBJC_WEAK = YES;
				CLANG_WARN_BLOCK_CAPTURE_AUTORELEASING = YES;
				CLANG_WARN_BOOL_CONVERSION = YES;
				CLANG_WARN_COMMA = YES;
				CLANG_WARN_CONSTANT_CONVERSION = YES;
				CLANG_WARN_DEPRECATED_OBJC_IMPLEMENTATIONS = YES;
				CLANG_WARN_DIRECT_OBJC_ISA_USAGE = YES_ERROR;
				CLANG_WARN_DOCUMENTATION_COMMENTS = YES;
				CLANG_WARN_EMPTY_BODY = YES;
				CLANG_WARN_ENUM_CONVERSION = YES;
				CLANG_WARN_INFINITE_RECURSION = YES;
				CLANG_WARN_INT_CONVERSION = YES;
				CLANG_WARN_NON_LITERAL_NULL_CONVERSION = YES;
				CLANG_WARN_OBJC_IMPLICIT_RETAIN_SELF = YES;
				CLANG_WARN_OBJC_LITERAL_CONVERSION = YES;
				CLANG_WARN_OBJC_ROOT_CLASS = YES_ERROR;
				CLANG_WARN_RANGE_LOOP_ANALYSIS = YES;
				CLANG_WARN_STRICT_PROTOTYPES = YES;
				CLANG_WARN_SUSPICIOUS_MOVE = YES;
				CLANG_WARN_UNGUARDED_AVAILABILITY = YES_AGGRESSIVE;
				CLANG_WARN_UNREACHABLE_CODE = YES;
				CLANG_WARN__DUPLICATE_METHOD_MATCH = YES;
				COPY_PHASE_STRIP = NO;
				DEBUG_INFORMATION_FORMAT = dwarf;
				ENABLE_STRICT_OBJC_MSGSEND = YES;
				ENABLE_TESTABILITY = YES;
				GCC_C_LANGUAGE_STANDARD = gnu11;
				GCC_DYNAMIC_NO_PIC = NO;
				GCC_NO_COMMON_BLOCKS = YES;
				GCC_OPTIMIZATION_LEVEL = 0;
				GCC_PREPROCESSOR_DEFINITIONS = (
					"DEBUG=1",
					"$(inherited)",
				);
				GCC_WARN_64_TO_32_BIT_CONVERSION = YES;
				GCC_WARN_ABOUT_RETURN_TYPE = YES_ERROR;
				GCC_WARN_UNDECLARED_SELECTOR = YES;
				GCC_WARN_UNINITIALIZED_AUTOS = YES_AGGRESSIVE;
				GCC_WARN_UNUSED_FUNCTION = YES;
				GCC_WARN_UNUSED_VARIABLE = YES;
				IPHONEOS_DEPLOYMENT_TARGET = 13.1;
				MTL_ENABLE_DEBUG_INFO = INCLUDE_SOURCE;
				MTL_FAST_MATH = YES;
				ONLY_ACTIVE_ARCH = YES;
				SDKROOT = iphoneos;
				SWIFT_ACTIVE_COMPILATION_CONDITIONS = DEBUG;
				SWIFT_OPTIMIZATION_LEVEL = "-Onone";
			};
			name = Debug;
		};
		A7761AFF23C5A5A4006942D9 /* Release */ = {
			isa = XCBuildConfiguration;
			buildSettings = {
				ALWAYS_SEARCH_USER_PATHS = NO;
				CLANG_ANALYZER_NONNULL = YES;
				CLANG_ANALYZER_NUMBER_OBJECT_CONVERSION = YES_AGGRESSIVE;
				CLANG_CXX_LANGUAGE_STANDARD = "gnu++14";
				CLANG_CXX_LIBRARY = "libc++";
				CLANG_ENABLE_MODULES = YES;
				CLANG_ENABLE_OBJC_ARC = YES;
				CLANG_ENABLE_OBJC_WEAK = YES;
				CLANG_WARN_BLOCK_CAPTURE_AUTORELEASING = YES;
				CLANG_WARN_BOOL_CONVERSION = YES;
				CLANG_WARN_COMMA = YES;
				CLANG_WARN_CONSTANT_CONVERSION = YES;
				CLANG_WARN_DEPRECATED_OBJC_IMPLEMENTATIONS = YES;
				CLANG_WARN_DIRECT_OBJC_ISA_USAGE = YES_ERROR;
				CLANG_WARN_DOCUMENTATION_COMMENTS = YES;
				CLANG_WARN_EMPTY_BODY = YES;
				CLANG_WARN_ENUM_CONVERSION = YES;
				CLANG_WARN_INFINITE_RECURSION = YES;
				CLANG_WARN_INT_CONVERSION = YES;
				CLANG_WARN_NON_LITERAL_NULL_CONVERSION = YES;
				CLANG_WARN_OBJC_IMPLICIT_RETAIN_SELF = YES;
				CLANG_WARN_OBJC_LITERAL_CONVERSION = YES;
				CLANG_WARN_OBJC_ROOT_CLASS = YES_ERROR;
				CLANG_WARN_RANGE_LOOP_ANALYSIS = YES;
				CLANG_WARN_STRICT_PROTOTYPES = YES;
				CLANG_WARN_SUSPICIOUS_MOVE = YES;
				CLANG_WARN_UNGUARDED_AVAILABILITY = YES_AGGRESSIVE;
				CLANG_WARN_UNREACHABLE_CODE = YES;
				CLANG_WARN__DUPLICATE_METHOD_MATCH = YES;
				COPY_PHASE_STRIP = NO;
				DEBUG_INFORMATION_FORMAT = "dwarf-with-dsym";
				ENABLE_NS_ASSERTIONS = NO;
				ENABLE_STRICT_OBJC_MSGSEND = YES;
				GCC_C_LANGUAGE_STANDARD = gnu11;
				GCC_NO_COMMON_BLOCKS = YES;
				GCC_WARN_64_TO_32_BIT_CONVERSION = YES;
				GCC_WARN_ABOUT_RETURN_TYPE = YES_ERROR;
				GCC_WARN_UNDECLARED_SELECTOR = YES;
				GCC_WARN_UNINITIALIZED_AUTOS = YES_AGGRESSIVE;
				GCC_WARN_UNUSED_FUNCTION = YES;
				GCC_WARN_UNUSED_VARIABLE = YES;
				IPHONEOS_DEPLOYMENT_TARGET = 13.1;
				MTL_ENABLE_DEBUG_INFO = NO;
				MTL_FAST_MATH = YES;
				SDKROOT = iphoneos;
				SWIFT_COMPILATION_MODE = wholemodule;
				SWIFT_OPTIMIZATION_LEVEL = "-O";
				VALIDATE_PRODUCT = YES;
			};
			name = Release;
		};
		A7761B0123C5A5A4006942D9 /* Debug */ = {
			isa = XCBuildConfiguration;
			buildSettings = {
				ASSETCATALOG_COMPILER_APPICON_NAME = AppIcon;
				CODE_SIGN_STYLE = Automatic;
				INFOPLIST_FILE = TestPJ/Info.plist;
				LD_RUNPATH_SEARCH_PATHS = (
					"$(inherited)",
					"@executable_path/Frameworks",
				);
				PRODUCT_BUNDLE_IDENTIFIER = "com.yumemi-shito.test.TestPJ";
				PRODUCT_NAME = "$(TARGET_NAME)";
				SWIFT_VERSION = 5.0;
				TARGETED_DEVICE_FAMILY = "1,2";
			};
			name = Debug;
		};
		A7761B0223C5A5A4006942D9 /* Release */ = {
			isa = XCBuildConfiguration;
			buildSettings = {
				ASSETCATALOG_COMPILER_APPICON_NAME = AppIcon;
				CODE_SIGN_STYLE = Automatic;
				INFOPLIST_FILE = TestPJ/Info.plist;
				LD_RUNPATH_SEARCH_PATHS = (
					"$(inherited)",
					"@executable_path/Frameworks",
				);
				PRODUCT_BUNDLE_IDENTIFIER = "com.yumemi-shito.test.TestPJ";
				PRODUCT_NAME = "$(TARGET_NAME)";
				SWIFT_VERSION = 5.0;
				TARGETED_DEVICE_FAMILY = "1,2";
			};
			name = Release;
		};
		A7761B0423C5A5A4006942D9 /* Debug */ = {
			isa = XCBuildConfiguration;
			buildSettings = {
				ALWAYS_EMBED_SWIFT_STANDARD_LIBRARIES = YES;
				BUNDLE_LOADER = "$(TEST_HOST)";
				CODE_SIGN_STYLE = Automatic;
				INFOPLIST_FILE = TestPJTests/Info.plist;
				IPHONEOS_DEPLOYMENT_TARGET = 13.1;
				LD_RUNPATH_SEARCH_PATHS = (
					"$(inherited)",
					"@executable_path/Frameworks",
					"@loader_path/Frameworks",
				);
				PRODUCT_BUNDLE_IDENTIFIER = "com.yumemi-shito.test.TestPJTests";
				PRODUCT_NAME = "$(TARGET_NAME)";
				SWIFT_VERSION = 5.0;
				TARGETED_DEVICE_FAMILY = "1,2";
				TEST_HOST = "$(BUILT_PRODUCTS_DIR)/TestPJ.app/TestPJ";
			};
			name = Debug;
		};
		A7761B0523C5A5A4006942D9 /* Release */ = {
			isa = XCBuildConfiguration;
			buildSettings = {
				ALWAYS_EMBED_SWIFT_STANDARD_LIBRARIES = YES;
				BUNDLE_LOADER = "$(TEST_HOST)";
				CODE_SIGN_STYLE = Automatic;
				INFOPLIST_FILE = TestPJTests/Info.plist;
				IPHONEOS_DEPLOYMENT_TARGET = 13.1;
				LD_RUNPATH_SEARCH_PATHS = (
					"$(inherited)",
					"@executable_path/Frameworks",
					"@loader_path/Frameworks",
				);
				PRODUCT_BUNDLE_IDENTIFIER = "com.yumemi-shito.test.TestPJTests";
				PRODUCT_NAME = "$(TARGET_NAME)";
				SWIFT_VERSION = 5.0;
				TARGETED_DEVICE_FAMILY = "1,2";
				TEST_HOST = "$(BUILT_PRODUCTS_DIR)/TestPJ.app/TestPJ";
			};
			name = Release;
		};
		A7761B0723C5A5A4006942D9 /* Debug */ = {
			isa = XCBuildConfiguration;
			buildSettings = {
				ALWAYS_EMBED_SWIFT_STANDARD_LIBRARIES = YES;
				CODE_SIGN_STYLE = Automatic;
				INFOPLIST_FILE = TestPJUITests/Info.plist;
				LD_RUNPATH_SEARCH_PATHS = (
					"$(inherited)",
					"@executable_path/Frameworks",
					"@loader_path/Frameworks",
				);
				PRODUCT_BUNDLE_IDENTIFIER = "com.yumemi-shito.test.TestPJUITests";
				PRODUCT_NAME = "$(TARGET_NAME)";
				SWIFT_VERSION = 5.0;
				TARGETED_DEVICE_FAMILY = "1,2";
				TEST_TARGET_NAME = TestPJ;
			};
			name = Debug;
		};
		A7761B0823C5A5A4006942D9 /* Release */ = {
			isa = XCBuildConfiguration;
			buildSettings = {
				ALWAYS_EMBED_SWIFT_STANDARD_LIBRARIES = YES;
				CODE_SIGN_STYLE = Automatic;
				INFOPLIST_FILE = TestPJUITests/Info.plist;
				LD_RUNPATH_SEARCH_PATHS = (
					"$(inherited)",
					"@executable_path/Frameworks",
					"@loader_path/Frameworks",
				);
				PRODUCT_BUNDLE_IDENTIFIER = "com.yumemi-shito.test.TestPJUITests";
				PRODUCT_NAME = "$(TARGET_NAME)";
				SWIFT_VERSION = 5.0;
				TARGETED_DEVICE_FAMILY = "1,2";
				TEST_TARGET_NAME = TestPJ;
			};
			name = Release;
		};
/* End XCBuildConfiguration section */

/* Begin XCConfigurationList section */
		A7761AD123C5A5A3006942D9 /* Build configuration list for PBXProject "TestPJ" */ = {
			isa = XCConfigurationList;
			buildConfigurations = (
				A7761AFE23C5A5A4006942D9 /* Debug */,
				A7761AFF23C5A5A4006942D9 /* Release */,
			);
			defaultConfigurationIsVisible = 0;
			defaultConfigurationName = Release;
		};
		A7761B0023C5A5A4006942D9 /* Build configuration list for PBXNativeTarget "TestPJ" */ = {
			isa = XCConfigurationList;
			buildConfigurations = (
				A7761B0123C5A5A4006942D9 /* Debug */,
				A7761B0223C5A5A4006942D9 /* Release */,
			);
			defaultConfigurationIsVisible = 0;
			defaultConfigurationName = Release;
		};
		A7761B0323C5A5A4006942D9 /* Build configuration list for PBXNativeTarget "TestPJTests" */ = {
			isa = XCConfigurationList;
			buildConfigurations = (
				A7761B0423C5A5A4006942D9 /* Debug */,
				A7761B0523C5A5A4006942D9 /* Release */,
			);
			defaultConfigurationIsVisible = 0;
			defaultConfigurationName = Release;
		};
		A7761B0623C5A5A4006942D9 /* Build configuration list for PBXNativeTarget "TestPJUITests" */ = {
			isa = XCConfigurationList;
			buildConfigurations = (
				A7761B0723C5A5A4006942D9 /* Debug */,
				A7761B0823C5A5A4006942D9 /* Release */,
			);
			defaultConfigurationIsVisible = 0;
			defaultConfigurationName = Release;
		};
/* End XCConfigurationList section */
	};
	rootObject = A7761ACE23C5A5A3006942D9 /* Project object */;
}
